
Microsoft Visual Studio Solution File, Format Version 12.00
# Visual Studio Version 17
VisualStudioVersion = 17.9.34714.143
MinimumVisualStudioVersion = 10.0.40219.1
Project("{FAE04EC0-301F-11D3-BF4B-00C04F79EFBC}") = "ESSMaterWebApp", "ESSMaterWebApp\ESSMaterWebApp.csproj", "{BA890197-E336-496B-A398-15843F5B5D80}"
EndProject
Global
	GlobalSection(SolutionConfigurationPlatforms) = preSolution
		Debug|Any CPU = Debug|Any CPU
		Release|Any CPU = Release|Any CPU
	EndGlobalSection
	GlobalSection(ProjectConfigurationPlatforms) = postSolution
		{BA890197-E336-496B-A398-15843F5B5D80}.Debug|Any CPU.ActiveCfg = Debug|Any CPU
		{BA890197-E336-496B-A398-15843F5B5D80}.Debug|Any CPU.Build.0 = Debug|Any CPU
		{BA890197-E336-496B-A398-15843F5B5D80}.Release|Any CPU.ActiveCfg = Release|Any CPU
		{BA890197-E336-496B-A398-15843F5B5D80}.Release|Any CPU.Build.0 = Release|Any CPU
	EndGlobalSection
	GlobalSection(SolutionProperties) = preSolution
		HideSolutionNode = FALSE
	EndGlobalSection
	GlobalSection(ExtensibilityGlobals) = postSolution
		SolutionGuid = {A86C24EB-EB9B-4876-9B07-E6927618FCC6}
	EndGlobalSection
EndGlobal
